
Microsoft Visual Studio Solution File, Format Version 12.00
# Visual Studio Version 17
VisualStudioVersion = 17.5.002.0
MinimumVisualStudioVersion = 10.0.40219.1
Project("{2150E333-8FDC-42A3-9474-1A3956D46DE8}") = "Bioinfo", "Bioinfo", "{1DFBC2B0-1EA7-4B24-9957-3807629852B2}"
EndProject
Project("{2150E333-8FDC-42A3-9474-1A3956D46DE8}") = "target", "target", "{D39DDA25-8DCD-4A24-A9BD-EA3DE69358BE}"
EndProject
Project("{2150E333-8FDC-42A3-9474-1A3956D46DE8}") = "classes", "classes", "{083B0B47-5D2B-4D04-8BED-D2DEDA311D73}"
EndProject
Project("{2150E333-8FDC-42A3-9474-1A3956D46DE8}") = "codes", "codes", "{52446429-CC5A-49B6-B05D-0A8004585B03}"
EndProject
Project("{2150E333-8FDC-42A3-9474-1A3956D46DE8}") = "cs", "cs", "{7B12BEA7-57C3-4E84-BF81-7976A1820A41}"
EndProject
Project("{9A19103F-16F7-4668-BE54-9A1E7A4F7556}") = "NW", "Bioinfo\target\classes\codes\cs\NW\NW.csproj", "{42F58DCB-1401-42C4-BB4C-9B63D273631C}"
EndProject
Project("{9A19103F-16F7-4668-BE54-9A1E7A4F7556}") = "SW", "Bioinfo\target\classes\codes\cs\SW\SW.csproj", "{3D5817BF-6AA8-42CE-BEB8-B68280347D18}"
EndProject
Project("{2150E333-8FDC-42A3-9474-1A3956D46DE8}") = "src", "src", "{84BB72AC-4668-4850-BA62-B0D0D834D5C9}"
EndProject
Project("{2150E333-8FDC-42A3-9474-1A3956D46DE8}") = "main", "main", "{C91C24FC-E848-41C8-9C6E-3BF346C12B65}"
EndProject
Project("{2150E333-8FDC-42A3-9474-1A3956D46DE8}") = "java", "java", "{B9ACB6B7-9EBA-48E2-99CB-6D4650AA33A3}"
EndProject
Project("{2150E333-8FDC-42A3-9474-1A3956D46DE8}") = "codes", "codes", "{2ED617FB-4382-4F6F-9572-99772691BC92}"
EndProject
Project("{2150E333-8FDC-42A3-9474-1A3956D46DE8}") = "cs", "cs", "{C4DEBAF6-1A85-455B-A152-29EC93C536B1}"
EndProject
Project("{9A19103F-16F7-4668-BE54-9A1E7A4F7556}") = "NW", "Bioinfo\src\main\java\codes\cs\NW\NW.csproj", "{3B5F612D-B655-4BC2-A2B4-EE493503172F}"
EndProject
Project("{9A19103F-16F7-4668-BE54-9A1E7A4F7556}") = "SW", "Bioinfo\src\main\java\codes\cs\SW\SW.csproj", "{0EF1D1D7-5443-4FC7-A3B8-AA51178BA61F}"
EndProject
Project("{2150E333-8FDC-42A3-9474-1A3956D46DE8}") = "Bioinfo-1.0-SNAPSHOT", "Bioinfo-1.0-SNAPSHOT", "{7F2AAB1B-88C4-4850-B933-B99CA353C3E2}"
EndProject
Project("{2150E333-8FDC-42A3-9474-1A3956D46DE8}") = "WEB-INF", "WEB-INF", "{5986C6FD-4B88-4627-96AE-C4ED2E85BCED}"
EndProject
Project("{2150E333-8FDC-42A3-9474-1A3956D46DE8}") = "classes", "classes", "{BDEEF48C-9446-431F-9B79-E3037D11F6C1}"
EndProject
Project("{2150E333-8FDC-42A3-9474-1A3956D46DE8}") = "codes", "codes", "{2CF34CD8-EDD2-4292-8DE5-3319A9957062}"
EndProject
Project("{2150E333-8FDC-42A3-9474-1A3956D46DE8}") = "cs", "cs", "{02055D14-7D9B-40C6-9572-610D47FDF8DE}"
EndProject
Project("{9A19103F-16F7-4668-BE54-9A1E7A4F7556}") = "NW", "Bioinfo\target\Bioinfo-1.0-SNAPSHOT\WEB-INF\classes\codes\cs\NW\NW.csproj", "{18EAFBD0-6F93-4311-9F2C-8CBFA924014F}"
EndProject
Project("{9A19103F-16F7-4668-BE54-9A1E7A4F7556}") = "SW", "Bioinfo\target\Bioinfo-1.0-SNAPSHOT\WEB-INF\classes\codes\cs\SW\SW.csproj", "{C7B6222F-8954-4A2C-B866-42755CFCA0D4}"
EndProject
Global
	GlobalSection(SolutionConfigurationPlatforms) = preSolution
		Debug|Any CPU = Debug|Any CPU
		Release|Any CPU = Release|Any CPU
	EndGlobalSection
	GlobalSection(ProjectConfigurationPlatforms) = postSolution
		{42F58DCB-1401-42C4-BB4C-9B63D273631C}.Debug|Any CPU.ActiveCfg = Debug|Any CPU
		{42F58DCB-1401-42C4-BB4C-9B63D273631C}.Debug|Any CPU.Build.0 = Debug|Any CPU
		{42F58DCB-1401-42C4-BB4C-9B63D273631C}.Release|Any CPU.ActiveCfg = Release|Any CPU
		{42F58DCB-1401-42C4-BB4C-9B63D273631C}.Release|Any CPU.Build.0 = Release|Any CPU
		{3D5817BF-6AA8-42CE-BEB8-B68280347D18}.Debug|Any CPU.ActiveCfg = Debug|Any CPU
		{3D5817BF-6AA8-42CE-BEB8-B68280347D18}.Debug|Any CPU.Build.0 = Debug|Any CPU
		{3D5817BF-6AA8-42CE-BEB8-B68280347D18}.Release|Any CPU.ActiveCfg = Release|Any CPU
		{3D5817BF-6AA8-42CE-BEB8-B68280347D18}.Release|Any CPU.Build.0 = Release|Any CPU
		{3B5F612D-B655-4BC2-A2B4-EE493503172F}.Debug|Any CPU.ActiveCfg = Debug|Any CPU
		{3B5F612D-B655-4BC2-A2B4-EE493503172F}.Debug|Any CPU.Build.0 = Debug|Any CPU
		{3B5F612D-B655-4BC2-A2B4-EE493503172F}.Release|Any CPU.ActiveCfg = Release|Any CPU
		{3B5F612D-B655-4BC2-A2B4-EE493503172F}.Release|Any CPU.Build.0 = Release|Any CPU
		{0EF1D1D7-5443-4FC7-A3B8-AA51178BA61F}.Debug|Any CPU.ActiveCfg = Debug|Any CPU
		{0EF1D1D7-5443-4FC7-A3B8-AA51178BA61F}.Debug|Any CPU.Build.0 = Debug|Any CPU
		{0EF1D1D7-5443-4FC7-A3B8-AA51178BA61F}.Release|Any CPU.ActiveCfg = Release|Any CPU
		{0EF1D1D7-5443-4FC7-A3B8-AA51178BA61F}.Release|Any CPU.Build.0 = Release|Any CPU
		{18EAFBD0-6F93-4311-9F2C-8CBFA924014F}.Debug|Any CPU.ActiveCfg = Debug|Any CPU
		{18EAFBD0-6F93-4311-9F2C-8CBFA924014F}.Debug|Any CPU.Build.0 = Debug|Any CPU
		{18EAFBD0-6F93-4311-9F2C-8CBFA924014F}.Release|Any CPU.ActiveCfg = Release|Any CPU
		{18EAFBD0-6F93-4311-9F2C-8CBFA924014F}.Release|Any CPU.Build.0 = Release|Any CPU
		{C7B6222F-8954-4A2C-B866-42755CFCA0D4}.Debug|Any CPU.ActiveCfg = Debug|Any CPU
		{C7B6222F-8954-4A2C-B866-42755CFCA0D4}.Debug|Any CPU.Build.0 = Debug|Any CPU
		{C7B6222F-8954-4A2C-B866-42755CFCA0D4}.Release|Any CPU.ActiveCfg = Release|Any CPU
		{C7B6222F-8954-4A2C-B866-42755CFCA0D4}.Release|Any CPU.Build.0 = Release|Any CPU
	EndGlobalSection
	GlobalSection(SolutionProperties) = preSolution
		HideSolutionNode = FALSE
	EndGlobalSection
	GlobalSection(NestedProjects) = preSolution
		{D39DDA25-8DCD-4A24-A9BD-EA3DE69358BE} = {1DFBC2B0-1EA7-4B24-9957-3807629852B2}
		{083B0B47-5D2B-4D04-8BED-D2DEDA311D73} = {D39DDA25-8DCD-4A24-A9BD-EA3DE69358BE}
		{52446429-CC5A-49B6-B05D-0A8004585B03} = {083B0B47-5D2B-4D04-8BED-D2DEDA311D73}
		{7B12BEA7-57C3-4E84-BF81-7976A1820A41} = {52446429-CC5A-49B6-B05D-0A8004585B03}
		{42F58DCB-1401-42C4-BB4C-9B63D273631C} = {7B12BEA7-57C3-4E84-BF81-7976A1820A41}
		{3D5817BF-6AA8-42CE-BEB8-B68280347D18} = {7B12BEA7-57C3-4E84-BF81-7976A1820A41}
		{84BB72AC-4668-4850-BA62-B0D0D834D5C9} = {1DFBC2B0-1EA7-4B24-9957-3807629852B2}
		{C91C24FC-E848-41C8-9C6E-3BF346C12B65} = {84BB72AC-4668-4850-BA62-B0D0D834D5C9}
		{B9ACB6B7-9EBA-48E2-99CB-6D4650AA33A3} = {C91C24FC-E848-41C8-9C6E-3BF346C12B65}
		{2ED617FB-4382-4F6F-9572-99772691BC92} = {B9ACB6B7-9EBA-48E2-99CB-6D4650AA33A3}
		{C4DEBAF6-1A85-455B-A152-29EC93C536B1} = {2ED617FB-4382-4F6F-9572-99772691BC92}
		{3B5F612D-B655-4BC2-A2B4-EE493503172F} = {C4DEBAF6-1A85-455B-A152-29EC93C536B1}
		{0EF1D1D7-5443-4FC7-A3B8-AA51178BA61F} = {C4DEBAF6-1A85-455B-A152-29EC93C536B1}
		{7F2AAB1B-88C4-4850-B933-B99CA353C3E2} = {D39DDA25-8DCD-4A24-A9BD-EA3DE69358BE}
		{5986C6FD-4B88-4627-96AE-C4ED2E85BCED} = {7F2AAB1B-88C4-4850-B933-B99CA353C3E2}
		{BDEEF48C-9446-431F-9B79-E3037D11F6C1} = {5986C6FD-4B88-4627-96AE-C4ED2E85BCED}
		{2CF34CD8-EDD2-4292-8DE5-3319A9957062} = {BDEEF48C-9446-431F-9B79-E3037D11F6C1}
		{02055D14-7D9B-40C6-9572-610D47FDF8DE} = {2CF34CD8-EDD2-4292-8DE5-3319A9957062}
		{18EAFBD0-6F93-4311-9F2C-8CBFA924014F} = {02055D14-7D9B-40C6-9572-610D47FDF8DE}
		{C7B6222F-8954-4A2C-B866-42755CFCA0D4} = {02055D14-7D9B-40C6-9572-610D47FDF8DE}
	EndGlobalSection
	GlobalSection(ExtensibilityGlobals) = postSolution
		SolutionGuid = {A75346D3-6D6F-4F4A-B9B3-683DAFC1DC7B}
	EndGlobalSection
EndGlobal
